
Microsoft Visual Studio Solution File, Format Version 12.00
# Visual Studio Version 17
VisualStudioVersion = 17.11.35327.3
MinimumVisualStudioVersion = 10.0.40219.1
Project("{FAE04EC0-301F-11D3-BF4B-00C04F79EFBC}") = "Question 4", "Question 4.csproj", "{D75CAF2E-C58C-47DC-B430-430836E3991D}"
EndProject
Global
	GlobalSection(SolutionConfigurationPlatforms) = preSolution
		Debug|Any CPU = Debug|Any CPU
		Release|Any CPU = Release|Any CPU
	EndGlobalSection
	GlobalSection(ProjectConfigurationPlatforms) = postSolution
		{D75CAF2E-C58C-47DC-B430-430836E3991D}.Debug|Any CPU.ActiveCfg = Debug|Any CPU
		{D75CAF2E-C58C-47DC-B430-430836E3991D}.Debug|Any CPU.Build.0 = Debug|Any CPU
		{D75CAF2E-C58C-47DC-B430-430836E3991D}.Release|Any CPU.ActiveCfg = Release|Any CPU
		{D75CAF2E-C58C-47DC-B430-430836E3991D}.Release|Any CPU.Build.0 = Release|Any CPU
	EndGlobalSection
	GlobalSection(SolutionProperties) = preSolution
		HideSolutionNode = FALSE
	EndGlobalSection
	GlobalSection(ExtensibilityGlobals) = postSolution
		SolutionGuid = {46FE2D28-5217-4088-84FD-BEF0B4498D01}
	EndGlobalSection
EndGlobal
